
Microsoft Visual Studio Solution File, Format Version 12.00
# Visual Studio Version 17
VisualStudioVersion = 17.7.34031.279
MinimumVisualStudioVersion = 10.0.40219.1
Project("{FAE04EC0-301F-11D3-BF4B-00C04F79EFBC}") = "EcommerceStudy", "EcommerceStudy\EcommerceStudy.csproj", "{DCFD0C1F-A75E-414F-93E8-8C20A5721725}"
EndProject
Global
	GlobalSection(SolutionConfigurationPlatforms) = preSolution
		Debug|Any CPU = Debug|Any CPU
		Release|Any CPU = Release|Any CPU
	EndGlobalSection
	GlobalSection(ProjectConfigurationPlatforms) = postSolution
		{DCFD0C1F-A75E-414F-93E8-8C20A5721725}.Debug|Any CPU.ActiveCfg = Debug|Any CPU
		{DCFD0C1F-A75E-414F-93E8-8C20A5721725}.Debug|Any CPU.Build.0 = Debug|Any CPU
		{DCFD0C1F-A75E-414F-93E8-8C20A5721725}.Release|Any CPU.ActiveCfg = Release|Any CPU
		{DCFD0C1F-A75E-414F-93E8-8C20A5721725}.Release|Any CPU.Build.0 = Release|Any CPU
	EndGlobalSection
	GlobalSection(SolutionProperties) = preSolution
		HideSolutionNode = FALSE
	EndGlobalSection
	GlobalSection(ExtensibilityGlobals) = postSolution
		SolutionGuid = {4A9FBFFC-C1D9-4438-ABFB-46817B884DA0}
	EndGlobalSection
EndGlobal
